Microsoft Visual Studio Solution File, Format Version 12.00
# Visual Studio 14
Project("{8BC9CEB8-8B4A-11D0-8D11-00A0C91BC942}") = "ALL_BUILD", "ALL_BUILD.vcxproj", "{A53C1548-C903-334E-8195-03B8B9800D07}"
	ProjectSection(ProjectDependencies) = postProject
		{7F8E792E-7152-3B07-B68F-7CA8BDE1DCE8} = {7F8E792E-7152-3B07-B68F-7CA8BDE1DCE8}
		{5D6A5C45-DD18-3B5B-A75C-63642E713312} = {5D6A5C45-DD18-3B5B-A75C-63642E713312}
		{02852769-38EC-37CE-BE34-09753260ABCE} = {02852769-38EC-37CE-BE34-09753260ABCE}
	EndProjectSection
EndProject
Project("{8BC9CEB8-8B4A-11D0-8D11-00A0C91BC942}") = "ZERO_CHECK", "ZERO_CHECK.vcxproj", "{7F8E792E-7152-3B07-B68F-7CA8BDE1DCE8}"
	ProjectSection(ProjectDependencies) = postProject
	EndProjectSection
EndProject
Project("{8BC9CEB8-8B4A-11D0-8D11-00A0C91BC942}") = "cctz", "cctz\cctz.vcxproj", "{5D6A5C45-DD18-3B5B-A75C-63642E713312}"
	ProjectSection(ProjectDependencies) = postProject
		{7F8E792E-7152-3B07-B68F-7CA8BDE1DCE8} = {7F8E792E-7152-3B07-B68F-7CA8BDE1DCE8}
	EndProjectSection
EndProject
Project("{8BC9CEB8-8B4A-11D0-8D11-00A0C91BC942}") = "fusion_bcf", "fusion_bcf.vcxproj", "{02852769-38EC-37CE-BE34-09753260ABCE}"
	ProjectSection(ProjectDependencies) = postProject
		{7F8E792E-7152-3B07-B68F-7CA8BDE1DCE8} = {7F8E792E-7152-3B07-B68F-7CA8BDE1DCE8}
		{5D6A5C45-DD18-3B5B-A75C-63642E713312} = {5D6A5C45-DD18-3B5B-A75C-63642E713312}
	EndProjectSection
EndProject
Global
	GlobalSection(SolutionConfigurationPlatforms) = preSolution
		Debug|Win32 = Debug|Win32
		Release|Win32 = Release|Win32
		MinSizeRel|Win32 = MinSizeRel|Win32
		RelWithDebInfo|Win32 = RelWithDebInfo|Win32
	EndGlobalSection
	GlobalSection(ProjectConfigurationPlatforms) = postSolution
		{A53C1548-C903-334E-8195-03B8B9800D07}.Debug|Win32.ActiveCfg = Debug|Win32
		{A53C1548-C903-334E-8195-03B8B9800D07}.Release|Win32.ActiveCfg = Release|Win32
		{A53C1548-C903-334E-8195-03B8B9800D07}.MinSizeRel|Win32.ActiveCfg = MinSizeRel|Win32
		{A53C1548-C903-334E-8195-03B8B9800D07}.RelWithDebInfo|Win32.ActiveCfg = RelWithDebInfo|Win32
		{7F8E792E-7152-3B07-B68F-7CA8BDE1DCE8}.Debug|Win32.ActiveCfg = Debug|Win32
		{7F8E792E-7152-3B07-B68F-7CA8BDE1DCE8}.Debug|Win32.Build.0 = Debug|Win32
		{7F8E792E-7152-3B07-B68F-7CA8BDE1DCE8}.Release|Win32.ActiveCfg = Release|Win32
		{7F8E792E-7152-3B07-B68F-7CA8BDE1DCE8}.Release|Win32.Build.0 = Release|Win32
		{7F8E792E-7152-3B07-B68F-7CA8BDE1DCE8}.MinSizeRel|Win32.ActiveCfg = MinSizeRel|Win32
		{7F8E792E-7152-3B07-B68F-7CA8BDE1DCE8}.MinSizeRel|Win32.Build.0 = MinSizeRel|Win32
		{7F8E792E-7152-3B07-B68F-7CA8BDE1DCE8}.RelWithDebInfo|Win32.ActiveCfg = RelWithDebInfo|Win32
		{7F8E792E-7152-3B07-B68F-7CA8BDE1DCE8}.RelWithDebInfo|Win32.Build.0 = RelWithDebInfo|Win32
		{5D6A5C45-DD18-3B5B-A75C-63642E713312}.Debug|Win32.ActiveCfg = Debug|Win32
		{5D6A5C45-DD18-3B5B-A75C-63642E713312}.Debug|Win32.Build.0 = Debug|Win32
		{5D6A5C45-DD18-3B5B-A75C-63642E713312}.Release|Win32.ActiveCfg = Release|Win32
		{5D6A5C45-DD18-3B5B-A75C-63642E713312}.Release|Win32.Build.0 = Release|Win32
		{5D6A5C45-DD18-3B5B-A75C-63642E713312}.MinSizeRel|Win32.ActiveCfg = MinSizeRel|Win32
		{5D6A5C45-DD18-3B5B-A75C-63642E713312}.MinSizeRel|Win32.Build.0 = MinSizeRel|Win32
		{5D6A5C45-DD18-3B5B-A75C-63642E713312}.RelWithDebInfo|Win32.ActiveCfg = RelWithDebInfo|Win32
		{5D6A5C45-DD18-3B5B-A75C-63642E713312}.RelWithDebInfo|Win32.Build.0 = RelWithDebInfo|Win32
		{02852769-38EC-37CE-BE34-09753260ABCE}.Debug|Win32.ActiveCfg = Debug|Win32
		{02852769-38EC-37CE-BE34-09753260ABCE}.Debug|Win32.Build.0 = Debug|Win32
		{02852769-38EC-37CE-BE34-09753260ABCE}.Release|Win32.ActiveCfg = Release|Win32
		{02852769-38EC-37CE-BE34-09753260ABCE}.Release|Win32.Build.0 = Release|Win32
		{02852769-38EC-37CE-BE34-09753260ABCE}.MinSizeRel|Win32.ActiveCfg = MinSizeRel|Win32
		{02852769-38EC-37CE-BE34-09753260ABCE}.MinSizeRel|Win32.Build.0 = MinSizeRel|Win32
		{02852769-38EC-37CE-BE34-09753260ABCE}.RelWithDebInfo|Win32.ActiveCfg = RelWithDebInfo|Win32
		{02852769-38EC-37CE-BE34-09753260ABCE}.RelWithDebInfo|Win32.Build.0 = RelWithDebInfo|Win32
	EndGlobalSection
	GlobalSection(ExtensibilityGlobals) = postSolution
		SolutionGuid = {81111CD2-36C6-3EFC-829D-8887360A91AA}
	EndGlobalSection
	GlobalSection(ExtensibilityAddIns) = postSolution
	EndGlobalSection
EndGlobal
